// !$*UTF8*$!
{
	archiveVersion = 1;
	classes = {
	};
	objectVersion = 52;
	objects = {

/* Begin PBXBuildFile section */
		91D9F21E7E36FAF0DDB4749D /* Pods_testPlaygorund.framework in Frameworks */ = {isa = PBXBuildFile; fileRef = 518877C43E06955D0FA11C91 /* Pods_testPlaygorund.framework */; };
		BFA19E2123FBFE1400E17320 /* StringExtensions.swift in Sources */ = {isa = PBXBuildFile; fileRef = BFA19E2023FBFE1400E17320 /* StringExtensions.swift */; };
		BFA19E2323FBFFF600E17320 /* XLSHandling.swift in Sources */ = {isa = PBXBuildFile; fileRef = BFA19E2223FBFFF600E17320 /* XLSHandling.swift */; };
		BFB7BE8123F4275C00A89A3D /* AppDelegate.swift in Sources */ = {isa = PBXBuildFile; fileRef = BFB7BE8023F4275C00A89A3D /* AppDelegate.swift */; };
		BFB7BE8323F4275C00A89A3D /* SceneDelegate.swift in Sources */ = {isa = PBXBuildFile; fileRef = BFB7BE8223F4275C00A89A3D /* SceneDelegate.swift */; };
		BFB7BE8523F4275C00A89A3D /* ViewController.swift in Sources */ = {isa = PBXBuildFile; fileRef = BFB7BE8423F4275C00A89A3D /* ViewController.swift */; };
		BFB7BE8823F4275C00A89A3D /* Main.storyboard in Resources */ = {isa = PBXBuildFile; fileRef = BFB7BE8623F4275C00A89A3D /* Main.storyboard */; };
		BFB7BE8A23F4275F00A89A3D /* Assets.xcassets in Resources */ = {isa = PBXBuildFile; fileRef = BFB7BE8923F4275F00A89A3D /* Assets.xcassets */; };
		BFB7BE8D23F4275F00A89A3D /* LaunchScreen.storyboard in Resources */ = {isa = PBXBuildFile; fileRef = BFB7BE8B23F4275F00A89A3D /* LaunchScreen.storyboard */; };
		BFB7BE9623F42F6400A89A3D /* CoreXLSX in Frameworks */ = {isa = PBXBuildFile; productRef = BFB7BE9523F42F6400A89A3D /* CoreXLSX */; };
		BFB7BE9823F4355E00A89A3D /* PlaygroundDetailViewController.swift in Sources */ = {isa = PBXBuildFile; fileRef = BFB7BE9723F4355E00A89A3D /* PlaygroundDetailViewController.swift */; };
/* End PBXBuildFile section */

/* Begin PBXFileReference section */
		518877C43E06955D0FA11C91 /* Pods_testPlaygorund.framework */ = {isa = PBXFileReference; explicitFileType = wrapper.framework; includeInIndex = 0; path = Pods_testPlaygorund.framework; sourceTree = BUILT_PRODUCTS_DIR; };
		5B2944B65F48D3F8F34999D9 /* Pods-testPlaygorund.release.xcconfig */ = {isa = PBXFileReference; includeInIndex = 1; lastKnownFileType = text.xcconfig; name = "Pods-testPlaygorund.release.xcconfig"; path = "Target Support Files/Pods-testPlaygorund/Pods-testPlaygorund.release.xcconfig"; sourceTree = "<group>"; };
		BAF2FE784075E61EE1CEB15F /* Pods-testPlaygorund.debug.xcconfig */ = {isa = PBXFileReference; includeInIndex = 1; lastKnownFileType = text.xcconfig; name = "Pods-testPlaygorund.debug.xcconfig"; path = "Target Support Files/Pods-testPlaygorund/Pods-testPlaygorund.debug.xcconfig"; sourceTree = "<group>"; };
		BFA19E2023FBFE1400E17320 /* StringExtensions.swift */ = {isa = PBXFileReference; lastKnownFileType = sourcecode.swift; path = StringExtensions.swift; sourceTree = SOURCE_ROOT; };
		BFA19E2223FBFFF600E17320 /* XLSHandling.swift */ = {isa = PBXFileReference; lastKnownFileType = sourcecode.swift; path = XLSHandling.swift; sourceTree = SOURCE_ROOT; };
		BFB7BE7D23F4275C00A89A3D /* Park in Tsukuba.app */ = {isa = PBXFileReference; explicitFileType = wrapper.application; includeInIndex = 0; path = "Park in Tsukuba.app"; sourceTree = BUILT_PRODUCTS_DIR; };
		BFB7BE8023F4275C00A89A3D /* AppDelegate.swift */ = {isa = PBXFileReference; lastKnownFileType = sourcecode.swift; path = AppDelegate.swift; sourceTree = "<group>"; };
		BFB7BE8223F4275C00A89A3D /* SceneDelegate.swift */ = {isa = PBXFileReference; lastKnownFileType = sourcecode.swift; path = SceneDelegate.swift; sourceTree = "<group>"; };
		BFB7BE8423F4275C00A89A3D /* ViewController.swift */ = {isa = PBXFileReference; lastKnownFileType = sourcecode.swift; path = ViewController.swift; sourceTree = "<group>"; };
		BFB7BE8723F4275C00A89A3D /* Base */ = {isa = PBXFileReference; lastKnownFileType = file.storyboard; name = Base; path = Base.lproj/Main.storyboard; sourceTree = "<group>"; };
		BFB7BE8923F4275F00A89A3D /* Assets.xcassets */ = {isa = PBXFileReference; lastKnownFileType = folder.assetcatalog; path = Assets.xcassets; sourceTree = "<group>"; };
		BFB7BE8C23F4275F00A89A3D /* Base */ = {isa = PBXFileReference; lastKnownFileType = file.storyboard; name = Base; path = Base.lproj/LaunchScreen.storyboard; sourceTree = "<group>"; };
		BFB7BE8E23F4275F00A89A3D /* Info.plist */ = {isa = PBXFileReference; lastKnownFileType = text.plist.xml; path = Info.plist; sourceTree = "<group>"; };
		BFB7BE9723F4355E00A89A3D /* PlaygroundDetailViewController.swift */ = {isa = PBXFileReference; lastKnownFileType = sourcecode.swift; path = PlaygroundDetailViewController.swift; sourceTree = SOURCE_ROOT; };
		BFB7BE9923F4737000A89A3D /* ja */ = {isa = PBXFileReference; lastKnownFileType = text.plist.strings; name = ja; path = ja.lproj/Main.strings; sourceTree = "<group>"; };
		BFB7BE9A23F4737000A89A3D /* ja */ = {isa = PBXFileReference; lastKnownFileType = text.plist.strings; name = ja; path = ja.lproj/LaunchScreen.strings; sourceTree = "<group>"; };
/* End PBXFileReference section */

/* Begin PBXFrameworksBuildPhase section */
		BFB7BE7A23F4275C00A89A3D /* Frameworks */ = {
			isa = PBXFrameworksBuildPhase;
			buildActionMask = 2147483647;
			files = (
				BFB7BE9623F42F6400A89A3D /* CoreXLSX in Frameworks */,
				91D9F21E7E36FAF0DDB4749D /* Pods_testPlaygorund.framework in Frameworks */,
			);
			runOnlyForDeploymentPostprocessing = 0;
		};
/* End PBXFrameworksBuildPhase section */

/* Begin PBXGroup section */
		6851BBEF3689EA6DD2DB460D /* Pods */ = {
			isa = PBXGroup;
			children = (
				BAF2FE784075E61EE1CEB15F /* Pods-testPlaygorund.debug.xcconfig */,
				5B2944B65F48D3F8F34999D9 /* Pods-testPlaygorund.release.xcconfig */,
			);
			path = Pods;
			sourceTree = "<group>";
		};
		6E5DD6EFA4977C7E9C1BA6B4 /* Frameworks */ = {
			isa = PBXGroup;
			children = (
				518877C43E06955D0FA11C91 /* Pods_testPlaygorund.framework */,
			);
			name = Frameworks;
			sourceTree = "<group>";
		};
		BFB7BE7423F4275C00A89A3D = {
			isa = PBXGroup;
			children = (
				BFB7BE7F23F4275C00A89A3D /* testPlaygorund */,
				BFB7BE7E23F4275C00A89A3D /* Products */,
				6851BBEF3689EA6DD2DB460D /* Pods */,
				6E5DD6EFA4977C7E9C1BA6B4 /* Frameworks */,
			);
			sourceTree = "<group>";
		};
		BFB7BE7E23F4275C00A89A3D /* Products */ = {
			isa = PBXGroup;
			children = (
				BFB7BE7D23F4275C00A89A3D /* Park in Tsukuba.app */,
			);
			name = Products;
			sourceTree = "<group>";
		};
		BFB7BE7F23F4275C00A89A3D /* testPlaygorund */ = {
			isa = PBXGroup;
			children = (
				BFA19E2223FBFFF600E17320 /* XLSHandling.swift */,
				BFA19E2023FBFE1400E17320 /* StringExtensions.swift */,
				BFB7BE9723F4355E00A89A3D /* PlaygroundDetailViewController.swift */,
				BFB7BE8023F4275C00A89A3D /* AppDelegate.swift */,
				BFB7BE8223F4275C00A89A3D /* SceneDelegate.swift */,
				BFB7BE8423F4275C00A89A3D /* ViewController.swift */,
				BFB7BE8623F4275C00A89A3D /* Main.storyboard */,
				BFB7BE8923F4275F00A89A3D /* Assets.xcassets */,
				BFB7BE8B23F4275F00A89A3D /* LaunchScreen.storyboard */,
				BFB7BE8E23F4275F00A89A3D /* Info.plist */,
			);
			path = testPlaygorund;
			sourceTree = "<group>";
		};
/* End PBXGroup section */

/* Begin PBXNativeTarget section */
		BFB7BE7C23F4275C00A89A3D /* testPlaygorund */ = {
			isa = PBXNativeTarget;
			buildConfigurationList = BFB7BE9123F4275F00A89A3D /* Build configuration list for PBXNativeTarget "testPlaygorund" */;
			buildPhases = (
				6497B9CA40822D1FBFAB6B07 /* [CP] Check Pods Manifest.lock */,
				BFB7BE7923F4275C00A89A3D /* Sources */,
				BFB7BE7A23F4275C00A89A3D /* Frameworks */,
				BFB7BE7B23F4275C00A89A3D /* Resources */,
				95A2DC774228124E625F1D8A /* [CP] Embed Pods Frameworks */,
			);
			buildRules = (
			);
			dependencies = (
			);
			name = testPlaygorund;
			packageProductDependencies = (
				BFB7BE9523F42F6400A89A3D /* CoreXLSX */,
			);
			productName = testPlaygorund;
			productReference = BFB7BE7D23F4275C00A89A3D /* Park in Tsukuba.app */;
			productType = "com.apple.product-type.application";
		};
/* End PBXNativeTarget section */

/* Begin PBXProject section */
		BFB7BE7523F4275C00A89A3D /* Project object */ = {
			isa = PBXProject;
			attributes = {
				LastSwiftUpdateCheck = 1130;
				LastUpgradeCheck = 1220;
				ORGANIZATIONNAME = "Jun Yamashita";
				TargetAttributes = {
					BFB7BE7C23F4275C00A89A3D = {
						CreatedOnToolsVersion = 11.3.1;
					};
				};
			};
			buildConfigurationList = BFB7BE7823F4275C00A89A3D /* Build configuration list for PBXProject "testPlaygorund" */;
			compatibilityVersion = "Xcode 9.3";
			developmentRegion = en;
			hasScannedForEncodings = 0;
			knownRegions = (
				en,
				Base,
				ja,
			);
			mainGroup = BFB7BE7423F4275C00A89A3D;
			packageReferences = (
				BFB7BE9423F42F6400A89A3D /* XCRemoteSwiftPackageReference "CoreXLSX" */,
			);
			productRefGroup = BFB7BE7E23F4275C00A89A3D /* Products */;
			projectDirPath = "";
			projectRoot = "";
			targets = (
				BFB7BE7C23F4275C00A89A3D /* testPlaygorund */,
			);
		};
/* End PBXProject section */

/* Begin PBXResourcesBuildPhase section */
		BFB7BE7B23F4275C00A89A3D /* Resources */ = {
			isa = PBXResourcesBuildPhase;
			buildActionMask = 2147483647;
			files = (
				BFB7BE8D23F4275F00A89A3D /* LaunchScreen.storyboard in Resources */,
				BFB7BE8A23F4275F00A89A3D /* Assets.xcassets in Resources */,
				BFB7BE8823F4275C00A89A3D /* Main.storyboard in Resources */,
			);
			runOnlyForDeploymentPostprocessing = 0;
		};
/* End PBXResourcesBuildPhase section */

/* Begin PBXShellScriptBuildPhase section */
		6497B9CA40822D1FBFAB6B07 /* [CP] Check Pods Manifest.lock */ = {
			isa = PBXShellScriptBuildPhase;
			buildActionMask = 2147483647;
			files = (
			);
			inputFileListPaths = (
			);
			inputPaths = (
				"${PODS_PODFILE_DIR_PATH}/Podfile.lock",
				"${PODS_ROOT}/Manifest.lock",
			);
			name = "[CP] Check Pods Manifest.lock";
			outputFileListPaths = (
			);
			outputPaths = (
				"$(DERIVED_FILE_DIR)/Pods-testPlaygorund-checkManifestLockResult.txt",
			);
			runOnlyForDeploymentPostprocessing = 0;
			shellPath = /bin/sh;
			shellScript = "diff \"${PODS_PODFILE_DIR_PATH}/Podfile.lock\" \"${PODS_ROOT}/Manifest.lock\" > /dev/null\nif [ $? != 0 ] ; then\n    # print error to STDERR\n    echo \"error: The sandbox is not in sync with the Podfile.lock. Run 'pod install' or update your CocoaPods installation.\" >&2\n    exit 1\nfi\n# This output is used by Xcode 'outputs' to avoid re-running this script phase.\necho \"SUCCESS\" > \"${SCRIPT_OUTPUT_FILE_0}\"\n";
			showEnvVarsInLog = 0;
		};
		95A2DC774228124E625F1D8A /* [CP] Embed Pods Frameworks */ = {
			isa = PBXShellScriptBuildPhase;
			buildActionMask = 2147483647;
			files = (
			);
			inputFileListPaths = (
				"${PODS_ROOT}/Target Support Files/Pods-testPlaygorund/Pods-testPlaygorund-frameworks-${CONFIGURATION}-input-files.xcfilelist",
			);
			name = "[CP] Embed Pods Frameworks";
			outputFileListPaths = (
				"${PODS_ROOT}/Target Support Files/Pods-testPlaygorund/Pods-testPlaygorund-frameworks-${CONFIGURATION}-output-files.xcfilelist",
			);
			runOnlyForDeploymentPostprocessing = 0;
			shellPath = /bin/sh;
			shellScript = "\"${PODS_ROOT}/Target Support Files/Pods-testPlaygorund/Pods-testPlaygorund-frameworks.sh\"\n";
			showEnvVarsInLog = 0;
		};
/* End PBXShellScriptBuildPhase section */

/* Begin PBXSourcesBuildPhase section */
		BFB7BE7923F4275C00A89A3D /* Sources */ = {
			isa = PBXSourcesBuildPhase;
			buildActionMask = 2147483647;
			files = (
				BFA19E2323FBFFF600E17320 /* XLSHandling.swift in Sources */,
				BFB7BE8523F4275C00A89A3D /* ViewController.swift in Sources */,
				BFB7BE8123F4275C00A89A3D /* AppDelegate.swift in Sources */,
				BFA19E2123FBFE1400E17320 /* StringExtensions.swift in Sources */,
				BFB7BE9823F4355E00A89A3D /* PlaygroundDetailViewController.swift in Sources */,
				BFB7BE8323F4275C00A89A3D /* SceneDelegate.swift in Sources */,
			);
			runOnlyForDeploymentPostprocessing = 0;
		};
/* End PBXSourcesBuildPhase section */

/* Begin PBXVariantGroup section */
		BFB7BE8623F4275C00A89A3D /* Main.storyboard */ = {
			isa = PBXVariantGroup;
			children = (
				BFB7BE8723F4275C00A89A3D /* Base */,
				BFB7BE9923F4737000A89A3D /* ja */,
			);
			name = Main.storyboard;
			sourceTree = "<group>";
		};
		BFB7BE8B23F4275F00A89A3D /* LaunchScreen.storyboard */ = {
			isa = PBXVariantGroup;
			children = (
				BFB7BE8C23F4275F00A89A3D /* Base */,
				BFB7BE9A23F4737000A89A3D /* ja */,
			);
			name = LaunchScreen.storyboard;
			sourceTree = "<group>";
		};
/* End PBXVariantGroup section */

/* Begin XCBuildConfiguration section */
		BFB7BE8F23F4275F00A89A3D /* Debug */ = {
			isa = XCBuildConfiguration;
			buildSettings = {
				ALWAYS_SEARCH_USER_PATHS = NO;
				CLANG_ANALYZER_LOCALIZABILITY_NONLOCALIZED = YES;
				CLANG_ANALYZER_NONNULL = YES;
				CLANG_ANALYZER_NUMBER_OBJECT_CONVERSION = YES_AGGRESSIVE;
				CLANG_CXX_LANGUAGE_STANDARD = "gnu++14";
				CLANG_CXX_LIBRARY = "libc++";
				CLANG_ENABLE_MODULES = YES;
				CLANG_ENABLE_OBJC_ARC = YES;
				CLANG_ENABLE_OBJC_WEAK = YES;
				CLANG_WARN_BLOCK_CAPTURE_AUTORELEASING = YES;
				CLANG_WARN_BOOL_CONVERSION = YES;
				CLANG_WARN_COMMA = YES;
				CLANG_WARN_CONSTANT_CONVERSION = YES;
				CLANG_WARN_DEPRECATED_OBJC_IMPLEMENTATIONS = YES;
				CLANG_WARN_DIRECT_OBJC_ISA_USAGE = YES_ERROR;
				CLANG_WARN_DOCUMENTATION_COMMENTS = YES;
				CLANG_WARN_EMPTY_BODY = YES;
				CLANG_WARN_ENUM_CONVERSION = YES;
				CLANG_WARN_INFINITE_RECURSION = YES;
				CLANG_WARN_INT_CONVERSION = YES;
				CLANG_WARN_NON_LITERAL_NULL_CONVERSION = YES;
				CLANG_WARN_OBJC_IMPLICIT_RETAIN_SELF = YES;
				CLANG_WARN_OBJC_LITERAL_CONVERSION = YES;
				CLANG_WARN_OBJC_ROOT_CLASS = YES_ERROR;
				CLANG_WARN_QUOTED_INCLUDE_IN_FRAMEWORK_HEADER = YES;
				CLANG_WARN_RANGE_LOOP_ANALYSIS = YES;
				CLANG_WARN_STRICT_PROTOTYPES = YES;
				CLANG_WARN_SUSPICIOUS_MOVE = YES;
				CLANG_WARN_UNGUARDED_AVAILABILITY = YES_AGGRESSIVE;
				CLANG_WARN_UNREACHABLE_CODE = YES;
				CLANG_WARN__DUPLICATE_METHOD_MATCH = YES;
				COPY_PHASE_STRIP = NO;
				DEBUG_INFORMATION_FORMAT = dwarf;
				ENABLE_STRICT_OBJC_MSGSEND = YES;
				ENABLE_TESTABILITY = YES;
				GCC_C_LANGUAGE_STANDARD = gnu11;
				GCC_DYNAMIC_NO_PIC = NO;
				GCC_NO_COMMON_BLOCKS = YES;
				GCC_OPTIMIZATION_LEVEL = 0;
				GCC_PREPROCESSOR_DEFINITIONS = (
					"DEBUG=1",
					"$(inherited)",
				);
				GCC_WARN_64_TO_32_BIT_CONVERSION = YES;
				GCC_WARN_ABOUT_RETURN_TYPE = YES_ERROR;
				GCC_WARN_UNDECLARED_SELECTOR = YES;
				GCC_WARN_UNINITIALIZED_AUTOS = YES_AGGRESSIVE;
				GCC_WARN_UNUSED_FUNCTION = YES;
				GCC_WARN_UNUSED_VARIABLE = YES;
				IPHONEOS_DEPLOYMENT_TARGET = 12.0;
				MTL_ENABLE_DEBUG_INFO = INCLUDE_SOURCE;
				MTL_FAST_MATH = YES;
				ONLY_ACTIVE_ARCH = YES;
				SDKROOT = iphoneos;
				SWIFT_ACTIVE_COMPILATION_CONDITIONS = DEBUG;
				SWIFT_OPTIMIZATION_LEVEL = "-Onone";
			};
			name = Debug;
		};
		BFB7BE9023F4275F00A89A3D /* Release */ = {
			isa = XCBuildConfiguration;
			buildSettings = {
				ALWAYS_SEARCH_USER_PATHS = NO;
				CLANG_ANALYZER_LOCALIZABILITY_NONLOCALIZED = YES;
				CLANG_ANALYZER_NONNULL = YES;
				CLANG_ANALYZER_NUMBER_OBJECT_CONVERSION = YES_AGGRESSIVE;
				CLANG_CXX_LANGUAGE_STANDARD = "gnu++14";
				CLANG_CXX_LIBRARY = "libc++";
				CLANG_ENABLE_MODULES = YES;
				CLANG_ENABLE_OBJC_ARC = YES;
				CLANG_ENABLE_OBJC_WEAK = YES;
				CLANG_WARN_BLOCK_CAPTURE_AUTORELEASING = YES;
				CLANG_WARN_BOOL_CONVERSION = YES;
				CLANG_WARN_COMMA = YES;
				CLANG_WARN_CONSTANT_CONVERSION = YES;
				CLANG_WARN_DEPRECATED_OBJC_IMPLEMENTATIONS = YES;
				CLANG_WARN_DIRECT_OBJC_ISA_USAGE = YES_ERROR;
				CLANG_WARN_DOCUMENTATION_COMMENTS = YES;
				CLANG_WARN_EMPTY_BODY = YES;
				CLANG_WARN_ENUM_CONVERSION = YES;
				CLANG_WARN_INFINITE_RECURSION = YES;
				CLANG_WARN_INT_CONVERSION = YES;
				CLANG_WARN_NON_LITERAL_NULL_CONVERSION = YES;
				CLANG_WARN_OBJC_IMPLICIT_RETAIN_SELF = YES;
				CLANG_WARN_OBJC_LITERAL_CONVERSION = YES;
				CLANG_WARN_OBJC_ROOT_CLASS = YES_ERROR;
				CLANG_WARN_QUOTED_INCLUDE_IN_FRAMEWORK_HEADER = YES;
				CLANG_WARN_RANGE_LOOP_ANALYSIS = YES;
				CLANG_WARN_STRICT_PROTOTYPES = YES;
				CLANG_WARN_SUSPICIOUS_MOVE = YES;
				CLANG_WARN_UNGUARDED_AVAILABILITY = YES_AGGRESSIVE;
				CLANG_WARN_UNREACHABLE_CODE = YES;
				CLANG_WARN__DUPLICATE_METHOD_MATCH = YES;
				COPY_PHASE_STRIP = NO;
				DEBUG_INFORMATION_FORMAT = "dwarf-with-dsym";
				ENABLE_NS_ASSERTIONS = NO;
				ENABLE_STRICT_OBJC_MSGSEND = YES;
				GCC_C_LANGUAGE_STANDARD = gnu11;
				GCC_NO_COMMON_BLOCKS = YES;
				GCC_WARN_64_TO_32_BIT_CONVERSION = YES;
				GCC_WARN_ABOUT_RETURN_TYPE = YES_ERROR;
				GCC_WARN_UNDECLARED_SELECTOR = YES;
				GCC_WARN_UNINITIALIZED_AUTOS = YES_AGGRESSIVE;
				GCC_WARN_UNUSED_FUNCTION = YES;
				GCC_WARN_UNUSED_VARIABLE = YES;
				IPHONEOS_DEPLOYMENT_TARGET = 12.0;
				MTL_ENABLE_DEBUG_INFO = NO;
				MTL_FAST_MATH = YES;
				ONLY_ACTIVE_ARCH = YES;
				SDKROOT = iphoneos;
				SWIFT_COMPILATION_MODE = wholemodule;
				SWIFT_OPTIMIZATION_LEVEL = "-O";
				VALIDATE_PRODUCT = YES;
			};
			name = Release;
		};
		BFB7BE9223F4275F00A89A3D /* Debug */ = {
			isa = XCBuildConfiguration;
			baseConfigurationReference = BAF2FE784075E61EE1CEB15F /* Pods-testPlaygorund.debug.xcconfig */;
			buildSettings = {
				ASSETCATALOG_COMPILER_APPICON_NAME = AppIcon;
				CODE_SIGN_STYLE = Automatic;
				CURRENT_PROJECT_VERSION = 1.0.0;
				DEVELOPMENT_TEAM = 872HCG8AJ3;
				INFOPLIST_FILE = testPlaygorund/Info.plist;
				LD_RUNPATH_SEARCH_PATHS = (
					"$(inherited)",
					"@executable_path/Frameworks",
				);
				MARKETING_VERSION = 1.0.0;
				PRODUCT_BUNDLE_IDENTIFIER = TsukubaDepot.net.testPlaygorund;
				PRODUCT_NAME = "Park in Tsukuba";
				SWIFT_VERSION = 5.0;
				TARGETED_DEVICE_FAMILY = 1;
			};
			name = Debug;
		};
		BFB7BE9323F4275F00A89A3D /* Release */ = {
			isa = XCBuildConfiguration;
			baseConfigurationReference = 5B2944B65F48D3F8F34999D9 /* Pods-testPlaygorund.release.xcconfig */;
			buildSettings = {
				ASSETCATALOG_COMPILER_APPICON_NAME = AppIcon;
				CODE_SIGN_STYLE = Automatic;
				CURRENT_PROJECT_VERSION = 1.0.0;
				DEVELOPMENT_TEAM = 872HCG8AJ3;
				INFOPLIST_FILE = testPlaygorund/Info.plist;
				LD_RUNPATH_SEARCH_PATHS = (
					"$(inherited)",
					"@executable_path/Frameworks",
				);
				MARKETING_VERSION = 1.0.0;
				PRODUCT_BUNDLE_IDENTIFIER = TsukubaDepot.net.testPlaygorund;
				PRODUCT_NAME = "Park in Tsukuba";
				SWIFT_VERSION = 5.0;
				TARGETED_DEVICE_FAMILY = 1;
			};
			name = Release;
		};
/* End XCBuildConfiguration section */

/* Begin XCConfigurationList section */
		BFB7BE7823F4275C00A89A3D /* Build configuration list for PBXProject "testPlaygorund" */ = {
			isa = XCConfigurationList;
			buildConfigurations = (
				BFB7BE8F23F4275F00A89A3D /* Debug */,
				BFB7BE9023F4275F00A89A3D /* Release */,
			);
			defaultConfigurationIsVisible = 0;
			defaultConfigurationName = Release;
		};
		BFB7BE9123F4275F00A89A3D /* Build configuration list for PBXNativeTarget "testPlaygorund" */ = {
			isa = XCConfigurationList;
			buildConfigurations = (
				BFB7BE9223F4275F00A89A3D /* Debug */,
				BFB7BE9323F4275F00A89A3D /* Release */,
			);
			defaultConfigurationIsVisible = 0;
			defaultConfigurationName = Release;
		};
/* End XCConfigurationList section */

/* Begin XCRemoteSwiftPackageReference section */
		BFB7BE9423F42F6400A89A3D /* XCRemoteSwiftPackageReference "CoreXLSX" */ = {
			isa = XCRemoteSwiftPackageReference;
			repositoryURL = "https://github.com/MaxDesiatov/CoreXLSX.git";
			requirement = {
				kind = upToNextMajorVersion;
				minimumVersion = 0.9.1;
			};
		};
/* End XCRemoteSwiftPackageReference section */

/* Begin XCSwiftPackageProductDependency section */
		BFB7BE9523F42F6400A89A3D /* CoreXLSX */ = {
			isa = XCSwiftPackageProductDependency;
			package = BFB7BE9423F42F6400A89A3D /* XCRemoteSwiftPackageReference "CoreXLSX" */;
			productName = CoreXLSX;
		};
/* End XCSwiftPackageProductDependency section */
	};
	rootObject = BFB7BE7523F4275C00A89A3D /* Project object */;
}
