// !$*UTF8*$!
{
	archiveVersion = 1;
	classes = {
	};
	objectVersion = 54;
	objects = {

/* Begin PBXBuildFile section */
		BF0EA788256DE6B300609287 /* APIKey.swift in Sources */ = {isa = PBXBuildFile; fileRef = BF0EA787256DE6B300609287 /* APIKey.swift */; };
		BF0EA7A6256DEE0000609287 /* MainV2.storyboard in Resources */ = {isa = PBXBuildFile; fileRef = BF0EA7A5256DEE0000609287 /* MainV2.storyboard */; };
		BF0EA7B9256DF19400609287 /* MainTabBarController.swift in Sources */ = {isa = PBXBuildFile; fileRef = BF0EA7B8256DF19400609287 /* MainTabBarController.swift */; };
		BF0EA7BF256E1AB300609287 /* ParkInfo.swift in Sources */ = {isa = PBXBuildFile; fileRef = BF0EA7BE256E1AB300609287 /* ParkInfo.swift */; };
		BF0EA7E9256E1CC400609287 /* ParkModel.swift in Sources */ = {isa = PBXBuildFile; fileRef = BF0EA7E8256E1CC400609287 /* ParkModel.swift */; };
		BF0EA7ED256E21C900609287 /* ListViewController.swift in Sources */ = {isa = PBXBuildFile; fileRef = BF0EA7EC256E21C900609287 /* ListViewController.swift */; };
		BF0EA7F6256E85DF00609287 /* ParkTableViewCell.swift in Sources */ = {isa = PBXBuildFile; fileRef = BF0EA7F4256E85DF00609287 /* ParkTableViewCell.swift */; };
		BF0EA7F7256E85DF00609287 /* ParkTableViewCell.xib in Resources */ = {isa = PBXBuildFile; fileRef = BF0EA7F5256E85DF00609287 /* ParkTableViewCell.xib */; };
		BF76AB782578C14B000F62BA /* SearchViewController.swift in Sources */ = {isa = PBXBuildFile; fileRef = BF76AB772578C14B000F62BA /* SearchViewController.swift */; };
		BF76AB7C2578C51A000F62BA /* SearchHeaderView.swift in Sources */ = {isa = PBXBuildFile; fileRef = BF76AB7B2578C51A000F62BA /* SearchHeaderView.swift */; };
		BF76AB7F2578C531000F62BA /* SearchHeaderView.xib in Resources */ = {isa = PBXBuildFile; fileRef = BF76AB7E2578C531000F62BA /* SearchHeaderView.xib */; };
		BF76ABB125791BD4000F62BA /* PresentationController.swift in Sources */ = {isa = PBXBuildFile; fileRef = BF76ABB025791BD4000F62BA /* PresentationController.swift */; };
		BF76ABB525791C31000F62BA /* SlideAnimator.swift in Sources */ = {isa = PBXBuildFile; fileRef = BF76ABB425791C31000F62BA /* SlideAnimator.swift */; };
		BFB7BE8123F4275C00A89A3D /* AppDelegate.swift in Sources */ = {isa = PBXBuildFile; fileRef = BFB7BE8023F4275C00A89A3D /* AppDelegate.swift */; };
		BFB7BE8323F4275C00A89A3D /* SceneDelegate.swift in Sources */ = {isa = PBXBuildFile; fileRef = BFB7BE8223F4275C00A89A3D /* SceneDelegate.swift */; };
		BFB7BE8A23F4275F00A89A3D /* Assets.xcassets in Resources */ = {isa = PBXBuildFile; fileRef = BFB7BE8923F4275F00A89A3D /* Assets.xcassets */; };
		BFB7BE8D23F4275F00A89A3D /* LaunchScreen.storyboard in Resources */ = {isa = PBXBuildFile; fileRef = BFB7BE8B23F4275F00A89A3D /* LaunchScreen.storyboard */; };
		BFD6D215258A421300C121DB /* CLLocationExtension.swift in Sources */ = {isa = PBXBuildFile; fileRef = BFD6D214258A421300C121DB /* CLLocationExtension.swift */; };
		BFF8A5DF2570A425009EED2A /* MapViewController.swift in Sources */ = {isa = PBXBuildFile; fileRef = BFF8A5DE2570A425009EED2A /* MapViewController.swift */; };
		BFF8A5E62570A490009EED2A /* AnnotationMapView.swift in Sources */ = {isa = PBXBuildFile; fileRef = BFF8A5E52570A490009EED2A /* AnnotationMapView.swift */; };
		BFF8A62D25710723009EED2A /* DetailViewController.swift in Sources */ = {isa = PBXBuildFile; fileRef = BFF8A62C25710723009EED2A /* DetailViewController.swift */; };
		BFF8A6312571198D009EED2A /* UIImageViewExtension.swift in Sources */ = {isa = PBXBuildFile; fileRef = BFF8A6302571198D009EED2A /* UIImageViewExtension.swift */; };
		BFF8A63525712CA0009EED2A /* CLLocationCoordinate2DExtension.swift in Sources */ = {isa = PBXBuildFile; fileRef = BFF8A63425712CA0009EED2A /* CLLocationCoordinate2DExtension.swift */; };
		BFF8A6382572FCDF009EED2A /* PlayEquipmentTableViewCell.swift in Sources */ = {isa = PBXBuildFile; fileRef = BFF8A6372572FCDE009EED2A /* PlayEquipmentTableViewCell.swift */; };
		BFF8A669257507B7009EED2A /* LocationModel.swift in Sources */ = {isa = PBXBuildFile; fileRef = BFF8A668257507B7009EED2A /* LocationModel.swift */; };
		BFF8A66E2575CF6D009EED2A /* FavoriteViewController.swift in Sources */ = {isa = PBXBuildFile; fileRef = BFF8A66D2575CF6D009EED2A /* FavoriteViewController.swift */; };
		F79C9CE3A268EC0E41775703 /* Pods_testPlaygorund.framework in Frameworks */ = {isa = PBXBuildFile; fileRef = 746F3AD27D82985F75C659CB /* Pods_testPlaygorund.framework */; };
/* End PBXBuildFile section */

/* Begin PBXFileReference section */
		4732CC77A28EBA9B06F617D3 /* Pods-testPlaygorund.debug.xcconfig */ = {isa = PBXFileReference; includeInIndex = 1; lastKnownFileType = text.xcconfig; name = "Pods-testPlaygorund.debug.xcconfig"; path = "Target Support Files/Pods-testPlaygorund/Pods-testPlaygorund.debug.xcconfig"; sourceTree = "<group>"; };
		6637A6C431558ACF88010FD8 /* Pods-testPlaygorund.release.xcconfig */ = {isa = PBXFileReference; includeInIndex = 1; lastKnownFileType = text.xcconfig; name = "Pods-testPlaygorund.release.xcconfig"; path = "Target Support Files/Pods-testPlaygorund/Pods-testPlaygorund.release.xcconfig"; sourceTree = "<group>"; };
		746F3AD27D82985F75C659CB /* Pods_testPlaygorund.framework */ = {isa = PBXFileReference; explicitFileType = wrapper.framework; includeInIndex = 0; path = Pods_testPlaygorund.framework; sourceTree = BUILT_PRODUCTS_DIR; };
		BF0EA787256DE6B300609287 /* APIKey.swift */ = {isa = PBXFileReference; fileEncoding = 4; lastKnownFileType = sourcecode.swift; path = APIKey.swift; sourceTree = "<group>"; };
		BF0EA7A5256DEE0000609287 /* MainV2.storyboard */ = {isa = PBXFileReference; lastKnownFileType = file.storyboard; path = MainV2.storyboard; sourceTree = "<group>"; };
		BF0EA7B8256DF19400609287 /* MainTabBarController.swift */ = {isa = PBXFileReference; lastKnownFileType = sourcecode.swift; path = MainTabBarController.swift; sourceTree = "<group>"; };
		BF0EA7BE256E1AB300609287 /* ParkInfo.swift */ = {isa = PBXFileReference; fileEncoding = 4; lastKnownFileType = sourcecode.swift; path = ParkInfo.swift; sourceTree = "<group>"; };
		BF0EA7E8256E1CC400609287 /* ParkModel.swift */ = {isa = PBXFileReference; lastKnownFileType = sourcecode.swift; path = ParkModel.swift; sourceTree = "<group>"; };
		BF0EA7EC256E21C900609287 /* ListViewController.swift */ = {isa = PBXFileReference; lastKnownFileType = sourcecode.swift; name = ListViewController.swift; path = "testPlaygorund/List View Controller/ListViewController.swift"; sourceTree = SOURCE_ROOT; };
		BF0EA7F4256E85DF00609287 /* ParkTableViewCell.swift */ = {isa = PBXFileReference; lastKnownFileType = sourcecode.swift; path = ParkTableViewCell.swift; sourceTree = "<group>"; };
		BF0EA7F5256E85DF00609287 /* ParkTableViewCell.xib */ = {isa = PBXFileReference; lastKnownFileType = file.xib; path = ParkTableViewCell.xib; sourceTree = "<group>"; };
		BF39D46A2580D10D0045026C /* README.md */ = {isa = PBXFileReference; fileEncoding = 4; lastKnownFileType = net.daringfireball.markdown; path = README.md; sourceTree = "<group>"; };
		BF76AB772578C14B000F62BA /* SearchViewController.swift */ = {isa = PBXFileReference; lastKnownFileType = sourcecode.swift; path = SearchViewController.swift; sourceTree = "<group>"; };
		BF76AB7B2578C51A000F62BA /* SearchHeaderView.swift */ = {isa = PBXFileReference; lastKnownFileType = sourcecode.swift; path = SearchHeaderView.swift; sourceTree = "<group>"; };
		BF76AB7E2578C531000F62BA /* SearchHeaderView.xib */ = {isa = PBXFileReference; lastKnownFileType = file.xib; path = SearchHeaderView.xib; sourceTree = "<group>"; };
		BF76ABB025791BD4000F62BA /* PresentationController.swift */ = {isa = PBXFileReference; lastKnownFileType = sourcecode.swift; path = PresentationController.swift; sourceTree = "<group>"; };
		BF76ABB425791C31000F62BA /* SlideAnimator.swift */ = {isa = PBXFileReference; lastKnownFileType = sourcecode.swift; path = SlideAnimator.swift; sourceTree = "<group>"; };
		BFB7BE7D23F4275C00A89A3D /* Park in Tsukuba.app */ = {isa = PBXFileReference; explicitFileType = wrapper.application; includeInIndex = 0; path = "Park in Tsukuba.app"; sourceTree = BUILT_PRODUCTS_DIR; };
		BFB7BE8023F4275C00A89A3D /* AppDelegate.swift */ = {isa = PBXFileReference; lastKnownFileType = sourcecode.swift; path = AppDelegate.swift; sourceTree = "<group>"; };
		BFB7BE8223F4275C00A89A3D /* SceneDelegate.swift */ = {isa = PBXFileReference; lastKnownFileType = sourcecode.swift; path = SceneDelegate.swift; sourceTree = "<group>"; };
		BFB7BE8923F4275F00A89A3D /* Assets.xcassets */ = {isa = PBXFileReference; lastKnownFileType = folder.assetcatalog; path = Assets.xcassets; sourceTree = "<group>"; };
		BFB7BE8C23F4275F00A89A3D /* Base */ = {isa = PBXFileReference; lastKnownFileType = file.storyboard; name = Base; path = Base.lproj/LaunchScreen.storyboard; sourceTree = "<group>"; };
		BFB7BE8E23F4275F00A89A3D /* Info.plist */ = {isa = PBXFileReference; lastKnownFileType = text.plist.xml; path = Info.plist; sourceTree = "<group>"; };
		BFB7BE9A23F4737000A89A3D /* ja */ = {isa = PBXFileReference; lastKnownFileType = text.plist.strings; name = ja; path = ja.lproj/LaunchScreen.strings; sourceTree = "<group>"; };
		BFD6D214258A421300C121DB /* CLLocationExtension.swift */ = {isa = PBXFileReference; lastKnownFileType = sourcecode.swift; path = CLLocationExtension.swift; sourceTree = "<group>"; };
		BFF8A5DE2570A425009EED2A /* MapViewController.swift */ = {isa = PBXFileReference; lastKnownFileType = sourcecode.swift; path = MapViewController.swift; sourceTree = "<group>"; };
		BFF8A5E52570A490009EED2A /* AnnotationMapView.swift */ = {isa = PBXFileReference; fileEncoding = 4; lastKnownFileType = sourcecode.swift; path = AnnotationMapView.swift; sourceTree = "<group>"; };
		BFF8A62C25710723009EED2A /* DetailViewController.swift */ = {isa = PBXFileReference; lastKnownFileType = sourcecode.swift; path = DetailViewController.swift; sourceTree = "<group>"; };
		BFF8A6302571198D009EED2A /* UIImageViewExtension.swift */ = {isa = PBXFileReference; lastKnownFileType = sourcecode.swift; path = UIImageViewExtension.swift; sourceTree = "<group>"; };
		BFF8A63425712CA0009EED2A /* CLLocationCoordinate2DExtension.swift */ = {isa = PBXFileReference; lastKnownFileType = sourcecode.swift; path = CLLocationCoordinate2DExtension.swift; sourceTree = "<group>"; };
		BFF8A6372572FCDE009EED2A /* PlayEquipmentTableViewCell.swift */ = {isa = PBXFileReference; lastKnownFileType = sourcecode.swift; path = PlayEquipmentTableViewCell.swift; sourceTree = "<group>"; };
		BFF8A668257507B7009EED2A /* LocationModel.swift */ = {isa = PBXFileReference; lastKnownFileType = sourcecode.swift; path = LocationModel.swift; sourceTree = "<group>"; };
		BFF8A66D2575CF6D009EED2A /* FavoriteViewController.swift */ = {isa = PBXFileReference; lastKnownFileType = sourcecode.swift; path = FavoriteViewController.swift; sourceTree = "<group>"; };
/* End PBXFileReference section */

/* Begin PBXFrameworksBuildPhase section */
		BFB7BE7A23F4275C00A89A3D /* Frameworks */ = {
			isa = PBXFrameworksBuildPhase;
			buildActionMask = 2147483647;
			files = (
				F79C9CE3A268EC0E41775703 /* Pods_testPlaygorund.framework in Frameworks */,
			);
			runOnlyForDeploymentPostprocessing = 0;
		};
/* End PBXFrameworksBuildPhase section */

/* Begin PBXGroup section */
		6851BBEF3689EA6DD2DB460D /* Pods */ = {
			isa = PBXGroup;
			children = (
				4732CC77A28EBA9B06F617D3 /* Pods-testPlaygorund.debug.xcconfig */,
				6637A6C431558ACF88010FD8 /* Pods-testPlaygorund.release.xcconfig */,
			);
			path = Pods;
			sourceTree = "<group>";
		};
		8C60EB6DADCC503B604184D0 /* Frameworks */ = {
			isa = PBXGroup;
			children = (
				746F3AD27D82985F75C659CB /* Pods_testPlaygorund.framework */,
			);
			name = Frameworks;
			sourceTree = "<group>";
		};
		BF0EA7BC256E1A7D00609287 /* Tab Bar Controller */ = {
			isa = PBXGroup;
			children = (
				BF0EA7B8256DF19400609287 /* MainTabBarController.swift */,
			);
			path = "Tab Bar Controller";
			sourceTree = "<group>";
		};
		BF0EA7BD256E1A9600609287 /* Park Model */ = {
			isa = PBXGroup;
			children = (
				BF0EA7BE256E1AB300609287 /* ParkInfo.swift */,
				BF0EA7E8256E1CC400609287 /* ParkModel.swift */,
			);
			path = "Park Model";
			sourceTree = "<group>";
		};
		BF0EA7EB256E219A00609287 /* List View Controller */ = {
			isa = PBXGroup;
			children = (
				BF0EA7EC256E21C900609287 /* ListViewController.swift */,
				BF0EA7F4256E85DF00609287 /* ParkTableViewCell.swift */,
				BF0EA7F5256E85DF00609287 /* ParkTableViewCell.xib */,
			);
			path = "List View Controller";
			sourceTree = "<group>";
		};
		BF76AB762578C103000F62BA /* Search View Controller */ = {
			isa = PBXGroup;
			children = (
				BF76AB772578C14B000F62BA /* SearchViewController.swift */,
				BF76AB7B2578C51A000F62BA /* SearchHeaderView.swift */,
				BF76AB7E2578C531000F62BA /* SearchHeaderView.xib */,
			);
			path = "Search View Controller";
			sourceTree = "<group>";
		};
		BF76ABAF25791BA2000F62BA /* Presentation Controller */ = {
			isa = PBXGroup;
			children = (
				BF76ABB025791BD4000F62BA /* PresentationController.swift */,
				BF76ABB425791C31000F62BA /* SlideAnimator.swift */,
			);
			path = "Presentation Controller";
			sourceTree = "<group>";
		};
		BFB7BE7423F4275C00A89A3D = {
			isa = PBXGroup;
			children = (
				BF39D46A2580D10D0045026C /* README.md */,
				BFB7BE7F23F4275C00A89A3D /* testPlaygorund */,
				BFB7BE7E23F4275C00A89A3D /* Products */,
				6851BBEF3689EA6DD2DB460D /* Pods */,
				8C60EB6DADCC503B604184D0 /* Frameworks */,
			);
			sourceTree = "<group>";
		};
		BFB7BE7E23F4275C00A89A3D /* Products */ = {
			isa = PBXGroup;
			children = (
				BFB7BE7D23F4275C00A89A3D /* Park in Tsukuba.app */,
			);
			name = Products;
			sourceTree = "<group>";
		};
		BFB7BE7F23F4275C00A89A3D /* testPlaygorund */ = {
			isa = PBXGroup;
			children = (
				BF0EA7BC256E1A7D00609287 /* Tab Bar Controller */,
				BF0EA7EB256E219A00609287 /* List View Controller */,
				BFF8A5DC2570A3E9009EED2A /* Map View Controller */,
				BFF8A66C2575CF58009EED2A /* Favorite View Controller */,
				BFF8A62A25710586009EED2A /* Detail View Controller */,
				BF76AB762578C103000F62BA /* Search View Controller */,
				BFF8A66725750787009EED2A /* Location Model */,
				BF0EA7BD256E1A9600609287 /* Park Model */,
				BFF8A66625750741009EED2A /* Annotation Map View Model */,
				BF76ABAF25791BA2000F62BA /* Presentation Controller */,
				BFF8A62F25711961009EED2A /* Extensions */,
				BF0EA787256DE6B300609287 /* APIKey.swift */,
				BFB7BE8023F4275C00A89A3D /* AppDelegate.swift */,
				BFB7BE8223F4275C00A89A3D /* SceneDelegate.swift */,
				BF0EA7A5256DEE0000609287 /* MainV2.storyboard */,
				BFB7BE8923F4275F00A89A3D /* Assets.xcassets */,
				BFB7BE8B23F4275F00A89A3D /* LaunchScreen.storyboard */,
				BFB7BE8E23F4275F00A89A3D /* Info.plist */,
			);
			path = testPlaygorund;
			sourceTree = "<group>";
		};
		BFF8A5DC2570A3E9009EED2A /* Map View Controller */ = {
			isa = PBXGroup;
			children = (
				BFF8A5DE2570A425009EED2A /* MapViewController.swift */,
			);
			path = "Map View Controller";
			sourceTree = "<group>";
		};
		BFF8A62A25710586009EED2A /* Detail View Controller */ = {
			isa = PBXGroup;
			children = (
				BFF8A62C25710723009EED2A /* DetailViewController.swift */,
				BFF8A6372572FCDE009EED2A /* PlayEquipmentTableViewCell.swift */,
			);
			path = "Detail View Controller";
			sourceTree = "<group>";
		};
		BFF8A62F25711961009EED2A /* Extensions */ = {
			isa = PBXGroup;
			children = (
				BFF8A6302571198D009EED2A /* UIImageViewExtension.swift */,
				BFF8A63425712CA0009EED2A /* CLLocationCoordinate2DExtension.swift */,
				BFD6D214258A421300C121DB /* CLLocationExtension.swift */,
			);
			path = Extensions;
			sourceTree = "<group>";
		};
		BFF8A66625750741009EED2A /* Annotation Map View Model */ = {
			isa = PBXGroup;
			children = (
				BFF8A5E52570A490009EED2A /* AnnotationMapView.swift */,
			);
			path = "Annotation Map View Model";
			sourceTree = "<group>";
		};
		BFF8A66725750787009EED2A /* Location Model */ = {
			isa = PBXGroup;
			children = (
				BFF8A668257507B7009EED2A /* LocationModel.swift */,
			);
			path = "Location Model";
			sourceTree = "<group>";
		};
		BFF8A66C2575CF58009EED2A /* Favorite View Controller */ = {
			isa = PBXGroup;
			children = (
				BFF8A66D2575CF6D009EED2A /* FavoriteViewController.swift */,
			);
			path = "Favorite View Controller";
			sourceTree = "<group>";
		};
/* End PBXGroup section */

/* Begin PBXNativeTarget section */
		BFB7BE7C23F4275C00A89A3D /* testPlaygorund */ = {
			isa = PBXNativeTarget;
			buildConfigurationList = BFB7BE9123F4275F00A89A3D /* Build configuration list for PBXNativeTarget "testPlaygorund" */;
			buildPhases = (
				2096804DF5145ACE2937BFE9 /* [CP] Check Pods Manifest.lock */,
				BFB7BE7923F4275C00A89A3D /* Sources */,
				BFB7BE7A23F4275C00A89A3D /* Frameworks */,
				BFB7BE7B23F4275C00A89A3D /* Resources */,
				D7D72B85DA239D947C56957C /* [CP] Embed Pods Frameworks */,
			);
			buildRules = (
			);
			dependencies = (
			);
			name = testPlaygorund;
			productName = testPlaygorund;
			productReference = BFB7BE7D23F4275C00A89A3D /* Park in Tsukuba.app */;
			productType = "com.apple.product-type.application";
		};
/* End PBXNativeTarget section */

/* Begin PBXProject section */
		BFB7BE7523F4275C00A89A3D /* Project object */ = {
			isa = PBXProject;
			attributes = {
				LastSwiftUpdateCheck = 1130;
				LastUpgradeCheck = 1220;
				ORGANIZATIONNAME = "Jun Yamashita";
				TargetAttributes = {
					BFB7BE7C23F4275C00A89A3D = {
						CreatedOnToolsVersion = 11.3.1;
					};
				};
			};
			buildConfigurationList = BFB7BE7823F4275C00A89A3D /* Build configuration list for PBXProject "testPlaygorund" */;
			compatibilityVersion = "Xcode 12.0";
			developmentRegion = en;
			hasScannedForEncodings = 0;
			knownRegions = (
				en,
				Base,
				ja,
			);
			mainGroup = BFB7BE7423F4275C00A89A3D;
			productRefGroup = BFB7BE7E23F4275C00A89A3D /* Products */;
			projectDirPath = "";
			projectRoot = "";
			targets = (
				BFB7BE7C23F4275C00A89A3D /* testPlaygorund */,
			);
		};
/* End PBXProject section */

/* Begin PBXResourcesBuildPhase section */
		BFB7BE7B23F4275C00A89A3D /* Resources */ = {
			isa = PBXResourcesBuildPhase;
			buildActionMask = 2147483647;
			files = (
				BFB7BE8D23F4275F00A89A3D /* LaunchScreen.storyboard in Resources */,
				BF0EA7A6256DEE0000609287 /* MainV2.storyboard in Resources */,
				BF0EA7F7256E85DF00609287 /* ParkTableViewCell.xib in Resources */,
				BF76AB7F2578C531000F62BA /* SearchHeaderView.xib in Resources */,
				BFB7BE8A23F4275F00A89A3D /* Assets.xcassets in Resources */,
			);
			runOnlyForDeploymentPostprocessing = 0;
		};
/* End PBXResourcesBuildPhase section */

/* Begin PBXShellScriptBuildPhase section */
		2096804DF5145ACE2937BFE9 /* [CP] Check Pods Manifest.lock */ = {
			isa = PBXShellScriptBuildPhase;
			buildActionMask = 2147483647;
			files = (
			);
			inputFileListPaths = (
			);
			inputPaths = (
				"${PODS_PODFILE_DIR_PATH}/Podfile.lock",
				"${PODS_ROOT}/Manifest.lock",
			);
			name = "[CP] Check Pods Manifest.lock";
			outputFileListPaths = (
			);
			outputPaths = (
				"$(DERIVED_FILE_DIR)/Pods-testPlaygorund-checkManifestLockResult.txt",
			);
			runOnlyForDeploymentPostprocessing = 0;
			shellPath = /bin/sh;
			shellScript = "diff \"${PODS_PODFILE_DIR_PATH}/Podfile.lock\" \"${PODS_ROOT}/Manifest.lock\" > /dev/null\nif [ $? != 0 ] ; then\n    # print error to STDERR\n    echo \"error: The sandbox is not in sync with the Podfile.lock. Run 'pod install' or update your CocoaPods installation.\" >&2\n    exit 1\nfi\n# This output is used by Xcode 'outputs' to avoid re-running this script phase.\necho \"SUCCESS\" > \"${SCRIPT_OUTPUT_FILE_0}\"\n";
			showEnvVarsInLog = 0;
		};
		D7D72B85DA239D947C56957C /* [CP] Embed Pods Frameworks */ = {
			isa = PBXShellScriptBuildPhase;
			buildActionMask = 2147483647;
			files = (
			);
			inputFileListPaths = (
				"${PODS_ROOT}/Target Support Files/Pods-testPlaygorund/Pods-testPlaygorund-frameworks-${CONFIGURATION}-input-files.xcfilelist",
			);
			name = "[CP] Embed Pods Frameworks";
			outputFileListPaths = (
				"${PODS_ROOT}/Target Support Files/Pods-testPlaygorund/Pods-testPlaygorund-frameworks-${CONFIGURATION}-output-files.xcfilelist",
			);
			runOnlyForDeploymentPostprocessing = 0;
			shellPath = /bin/sh;
			shellScript = "\"${PODS_ROOT}/Target Support Files/Pods-testPlaygorund/Pods-testPlaygorund-frameworks.sh\"\n";
			showEnvVarsInLog = 0;
		};
/* End PBXShellScriptBuildPhase section */

/* Begin PBXSourcesBuildPhase section */
		BFB7BE7923F4275C00A89A3D /* Sources */ = {
			isa = PBXSourcesBuildPhase;
			buildActionMask = 2147483647;
			files = (
				BF0EA7E9256E1CC400609287 /* ParkModel.swift in Sources */,
				BF76ABB525791C31000F62BA /* SlideAnimator.swift in Sources */,
				BFF8A5E62570A490009EED2A /* AnnotationMapView.swift in Sources */,
				BFF8A63525712CA0009EED2A /* CLLocationCoordinate2DExtension.swift in Sources */,
				BFD6D215258A421300C121DB /* CLLocationExtension.swift in Sources */,
				BF0EA7BF256E1AB300609287 /* ParkInfo.swift in Sources */,
				BF0EA7F6256E85DF00609287 /* ParkTableViewCell.swift in Sources */,
				BF0EA788256DE6B300609287 /* APIKey.swift in Sources */,
				BF76AB7C2578C51A000F62BA /* SearchHeaderView.swift in Sources */,
				BF0EA7B9256DF19400609287 /* MainTabBarController.swift in Sources */,
				BFF8A5DF2570A425009EED2A /* MapViewController.swift in Sources */,
				BF0EA7ED256E21C900609287 /* ListViewController.swift in Sources */,
				BFF8A669257507B7009EED2A /* LocationModel.swift in Sources */,
				BFF8A6382572FCDF009EED2A /* PlayEquipmentTableViewCell.swift in Sources */,
				BFB7BE8123F4275C00A89A3D /* AppDelegate.swift in Sources */,
				BFF8A66E2575CF6D009EED2A /* FavoriteViewController.swift in Sources */,
				BF76AB782578C14B000F62BA /* SearchViewController.swift in Sources */,
				BFF8A62D25710723009EED2A /* DetailViewController.swift in Sources */,
				BF76ABB125791BD4000F62BA /* PresentationController.swift in Sources */,
				BFF8A6312571198D009EED2A /* UIImageViewExtension.swift in Sources */,
				BFB7BE8323F4275C00A89A3D /* SceneDelegate.swift in Sources */,
			);
			runOnlyForDeploymentPostprocessing = 0;
		};
/* End PBXSourcesBuildPhase section */

/* Begin PBXVariantGroup section */
		BFB7BE8B23F4275F00A89A3D /* LaunchScreen.storyboard */ = {
			isa = PBXVariantGroup;
			children = (
				BFB7BE8C23F4275F00A89A3D /* Base */,
				BFB7BE9A23F4737000A89A3D /* ja */,
			);
			name = LaunchScreen.storyboard;
			sourceTree = "<group>";
		};
/* End PBXVariantGroup section */

/* Begin XCBuildConfiguration section */
		BFB7BE8F23F4275F00A89A3D /* Debug */ = {
			isa = XCBuildConfiguration;
			buildSettings = {
				ALWAYS_SEARCH_USER_PATHS = NO;
				CLANG_ANALYZER_LOCALIZABILITY_NONLOCALIZED = YES;
				CLANG_ANALYZER_NONNULL = YES;
				CLANG_ANALYZER_NUMBER_OBJECT_CONVERSION = YES_AGGRESSIVE;
				CLANG_CXX_LANGUAGE_STANDARD = "gnu++14";
				CLANG_CXX_LIBRARY = "libc++";
				CLANG_ENABLE_MODULES = YES;
				CLANG_ENABLE_OBJC_ARC = YES;
				CLANG_ENABLE_OBJC_WEAK = YES;
				CLANG_WARN_BLOCK_CAPTURE_AUTORELEASING = YES;
				CLANG_WARN_BOOL_CONVERSION = YES;
				CLANG_WARN_COMMA = YES;
				CLANG_WARN_CONSTANT_CONVERSION = YES;
				CLANG_WARN_DEPRECATED_OBJC_IMPLEMENTATIONS = YES;
				CLANG_WARN_DIRECT_OBJC_ISA_USAGE = YES_ERROR;
				CLANG_WARN_DOCUMENTATION_COMMENTS = YES;
				CLANG_WARN_EMPTY_BODY = YES;
				CLANG_WARN_ENUM_CONVERSION = YES;
				CLANG_WARN_INFINITE_RECURSION = YES;
				CLANG_WARN_INT_CONVERSION = YES;
				CLANG_WARN_NON_LITERAL_NULL_CONVERSION = YES;
				CLANG_WARN_OBJC_IMPLICIT_RETAIN_SELF = YES;
				CLANG_WARN_OBJC_LITERAL_CONVERSION = YES;
				CLANG_WARN_OBJC_ROOT_CLASS = YES_ERROR;
				CLANG_WARN_QUOTED_INCLUDE_IN_FRAMEWORK_HEADER = YES;
				CLANG_WARN_RANGE_LOOP_ANALYSIS = YES;
				CLANG_WARN_STRICT_PROTOTYPES = YES;
				CLANG_WARN_SUSPICIOUS_MOVE = YES;
				CLANG_WARN_UNGUARDED_AVAILABILITY = YES_AGGRESSIVE;
				CLANG_WARN_UNREACHABLE_CODE = YES;
				CLANG_WARN__DUPLICATE_METHOD_MATCH = YES;
				COPY_PHASE_STRIP = NO;
				DEBUG_INFORMATION_FORMAT = dwarf;
				ENABLE_STRICT_OBJC_MSGSEND = YES;
				ENABLE_TESTABILITY = YES;
				GCC_C_LANGUAGE_STANDARD = gnu11;
				GCC_DYNAMIC_NO_PIC = NO;
				GCC_NO_COMMON_BLOCKS = YES;
				GCC_OPTIMIZATION_LEVEL = 0;
				GCC_PREPROCESSOR_DEFINITIONS = (
					"DEBUG=1",
					"$(inherited)",
				);
				GCC_WARN_64_TO_32_BIT_CONVERSION = YES;
				GCC_WARN_ABOUT_RETURN_TYPE = YES_ERROR;
				GCC_WARN_UNDECLARED_SELECTOR = YES;
				GCC_WARN_UNINITIALIZED_AUTOS = YES_AGGRESSIVE;
				GCC_WARN_UNUSED_FUNCTION = YES;
				GCC_WARN_UNUSED_VARIABLE = YES;
				IPHONEOS_DEPLOYMENT_TARGET = 13.0;
				MTL_ENABLE_DEBUG_INFO = INCLUDE_SOURCE;
				MTL_FAST_MATH = YES;
				ONLY_ACTIVE_ARCH = YES;
				SDKROOT = iphoneos;
				SWIFT_ACTIVE_COMPILATION_CONDITIONS = DEBUG;
				SWIFT_OPTIMIZATION_LEVEL = "-Onone";
			};
			name = Debug;
		};
		BFB7BE9023F4275F00A89A3D /* Release */ = {
			isa = XCBuildConfiguration;
			buildSettings = {
				ALWAYS_SEARCH_USER_PATHS = NO;
				CLANG_ANALYZER_LOCALIZABILITY_NONLOCALIZED = YES;
				CLANG_ANALYZER_NONNULL = YES;
				CLANG_ANALYZER_NUMBER_OBJECT_CONVERSION = YES_AGGRESSIVE;
				CLANG_CXX_LANGUAGE_STANDARD = "gnu++14";
				CLANG_CXX_LIBRARY = "libc++";
				CLANG_ENABLE_MODULES = YES;
				CLANG_ENABLE_OBJC_ARC = YES;
				CLANG_ENABLE_OBJC_WEAK = YES;
				CLANG_WARN_BLOCK_CAPTURE_AUTORELEASING = YES;
				CLANG_WARN_BOOL_CONVERSION = YES;
				CLANG_WARN_COMMA = YES;
				CLANG_WARN_CONSTANT_CONVERSION = YES;
				CLANG_WARN_DEPRECATED_OBJC_IMPLEMENTATIONS = YES;
				CLANG_WARN_DIRECT_OBJC_ISA_USAGE = YES_ERROR;
				CLANG_WARN_DOCUMENTATION_COMMENTS = YES;
				CLANG_WARN_EMPTY_BODY = YES;
				CLANG_WARN_ENUM_CONVERSION = YES;
				CLANG_WARN_INFINITE_RECURSION = YES;
				CLANG_WARN_INT_CONVERSION = YES;
				CLANG_WARN_NON_LITERAL_NULL_CONVERSION = YES;
				CLANG_WARN_OBJC_IMPLICIT_RETAIN_SELF = YES;
				CLANG_WARN_OBJC_LITERAL_CONVERSION = YES;
				CLANG_WARN_OBJC_ROOT_CLASS = YES_ERROR;
				CLANG_WARN_QUOTED_INCLUDE_IN_FRAMEWORK_HEADER = YES;
				CLANG_WARN_RANGE_LOOP_ANALYSIS = YES;
				CLANG_WARN_STRICT_PROTOTYPES = YES;
				CLANG_WARN_SUSPICIOUS_MOVE = YES;
				CLANG_WARN_UNGUARDED_AVAILABILITY = YES_AGGRESSIVE;
				CLANG_WARN_UNREACHABLE_CODE = YES;
				CLANG_WARN__DUPLICATE_METHOD_MATCH = YES;
				COPY_PHASE_STRIP = NO;
				DEBUG_INFORMATION_FORMAT = "dwarf-with-dsym";
				ENABLE_NS_ASSERTIONS = NO;
				ENABLE_STRICT_OBJC_MSGSEND = YES;
				GCC_C_LANGUAGE_STANDARD = gnu11;
				GCC_NO_COMMON_BLOCKS = YES;
				GCC_WARN_64_TO_32_BIT_CONVERSION = YES;
				GCC_WARN_ABOUT_RETURN_TYPE = YES_ERROR;
				GCC_WARN_UNDECLARED_SELECTOR = YES;
				GCC_WARN_UNINITIALIZED_AUTOS = YES_AGGRESSIVE;
				GCC_WARN_UNUSED_FUNCTION = YES;
				GCC_WARN_UNUSED_VARIABLE = YES;
				IPHONEOS_DEPLOYMENT_TARGET = 13.0;
				MTL_ENABLE_DEBUG_INFO = NO;
				MTL_FAST_MATH = YES;
				ONLY_ACTIVE_ARCH = YES;
				SDKROOT = iphoneos;
				SWIFT_COMPILATION_MODE = wholemodule;
				SWIFT_OPTIMIZATION_LEVEL = "-O";
				VALIDATE_PRODUCT = YES;
			};
			name = Release;
		};
		BFB7BE9223F4275F00A89A3D /* Debug */ = {
			isa = XCBuildConfiguration;
			baseConfigurationReference = 4732CC77A28EBA9B06F617D3 /* Pods-testPlaygorund.debug.xcconfig */;
			buildSettings = {
				ASSETCATALOG_COMPILER_APPICON_NAME = AppIcon;
				CODE_SIGN_STYLE = Automatic;
				CURRENT_PROJECT_VERSION = 2.1.2;
				DEVELOPMENT_TEAM = 872HCG8AJ3;
				INFOPLIST_FILE = testPlaygorund/Info.plist;
				LD_RUNPATH_SEARCH_PATHS = (
					"$(inherited)",
					"@executable_path/Frameworks",
				);
				MARKETING_VERSION = 2.1.2;
				PRODUCT_BUNDLE_IDENTIFIER = TsukubaDepot.net.testPlaygorund;
				PRODUCT_NAME = "Park in Tsukuba";
				SWIFT_VERSION = 5.0;
				TARGETED_DEVICE_FAMILY = 1;
			};
			name = Debug;
		};
		BFB7BE9323F4275F00A89A3D /* Release */ = {
			isa = XCBuildConfiguration;
			baseConfigurationReference = 6637A6C431558ACF88010FD8 /* Pods-testPlaygorund.release.xcconfig */;
			buildSettings = {
				ASSETCATALOG_COMPILER_APPICON_NAME = AppIcon;
				CODE_SIGN_STYLE = Automatic;
				CURRENT_PROJECT_VERSION = 2.1.2;
				DEVELOPMENT_TEAM = 872HCG8AJ3;
				INFOPLIST_FILE = testPlaygorund/Info.plist;
				LD_RUNPATH_SEARCH_PATHS = (
					"$(inherited)",
					"@executable_path/Frameworks",
				);
				MARKETING_VERSION = 2.1.2;
				PRODUCT_BUNDLE_IDENTIFIER = TsukubaDepot.net.testPlaygorund;
				PRODUCT_NAME = "Park in Tsukuba";
				SWIFT_VERSION = 5.0;
				TARGETED_DEVICE_FAMILY = 1;
			};
			name = Release;
		};
/* End XCBuildConfiguration section */

/* Begin XCConfigurationList section */
		BFB7BE7823F4275C00A89A3D /* Build configuration list for PBXProject "testPlaygorund" */ = {
			isa = XCConfigurationList;
			buildConfigurations = (
				BFB7BE8F23F4275F00A89A3D /* Debug */,
				BFB7BE9023F4275F00A89A3D /* Release */,
			);
			defaultConfigurationIsVisible = 0;
			defaultConfigurationName = Release;
		};
		BFB7BE9123F4275F00A89A3D /* Build configuration list for PBXNativeTarget "testPlaygorund" */ = {
			isa = XCConfigurationList;
			buildConfigurations = (
				BFB7BE9223F4275F00A89A3D /* Debug */,
				BFB7BE9323F4275F00A89A3D /* Release */,
			);
			defaultConfigurationIsVisible = 0;
			defaultConfigurationName = Release;
		};
/* End XCConfigurationList section */
	};
	rootObject = BFB7BE7523F4275C00A89A3D /* Project object */;
}
